
Microsoft Visual Studio Solution File, Format Version 12.00
# Visual Studio 15
VisualStudioVersion = 15.0.26124.0
MinimumVisualStudioVersion = 15.0.26124.0
Project("{2150E333-8FDC-42A3-9474-1A3956D46DE8}") = "src", "src", "{C81476EF-47D3-4B1C-9CE6-C62540F6EBEC}"
EndProject
Project("{FAE04EC0-301F-11D3-BF4B-00C04F79EFBC}") = "Chr.Avro", "src\Chr.Avro\Chr.Avro.csproj", "{8C1D2691-B960-45EB-8D0F-BEBA179D7121}"
EndProject
Project("{FAE04EC0-301F-11D3-BF4B-00C04F79EFBC}") = "Chr.Avro.Binary", "src\Chr.Avro.Binary\Chr.Avro.Binary.csproj", "{EA15A6B8-993F-4B9A-A72D-2ACEEFA23DDF}"
EndProject
Project("{FAE04EC0-301F-11D3-BF4B-00C04F79EFBC}") = "Chr.Avro.Codegen", "src\Chr.Avro.Codegen\Chr.Avro.Codegen.csproj", "{E71F396A-879C-4693-B0CE-F70C9F8B8C4A}"
EndProject
Project("{FAE04EC0-301F-11D3-BF4B-00C04F79EFBC}") = "Chr.Avro.Confluent", "src\Chr.Avro.Confluent\Chr.Avro.Confluent.csproj", "{097405A9-C0A0-4ED4-8843-18D6C87F039B}"
EndProject
Project("{FAE04EC0-301F-11D3-BF4B-00C04F79EFBC}") = "Chr.Avro.Json", "src\Chr.Avro.Json\Chr.Avro.Json.csproj", "{ECD02FE5-7124-4711-9349-7245BC6BAB4F}"
EndProject
Project("{2150E333-8FDC-42A3-9474-1A3956D46DE8}") = "tests", "tests", "{108FC1A0-2BA3-45F1-931F-A078CACE3E6F}"
EndProject
Project("{FAE04EC0-301F-11D3-BF4B-00C04F79EFBC}") = "Chr.Avro.Tests", "tests\Chr.Avro.Tests\Chr.Avro.Tests.csproj", "{7E49843A-CBD0-466B-9B90-88EE26A5DB6B}"
EndProject
Project("{FAE04EC0-301F-11D3-BF4B-00C04F79EFBC}") = "Chr.Avro.Binary.Tests", "tests\Chr.Avro.Binary.Tests\Chr.Avro.Binary.Tests.csproj", "{8AE182C3-AD3E-4B31-AF1F-4E269A223E84}"
EndProject
Project("{FAE04EC0-301F-11D3-BF4B-00C04F79EFBC}") = "Chr.Avro.Confluent.Tests", "tests\Chr.Avro.Confluent.Tests\Chr.Avro.Confluent.Tests.csproj", "{4F2941EC-ECF6-4AE2-B150-438D3DF4B322}"
EndProject
Project("{FAE04EC0-301F-11D3-BF4B-00C04F79EFBC}") = "Chr.Avro.Json.Tests", "tests\Chr.Avro.Json.Tests\Chr.Avro.Json.Tests.csproj", "{C9DE3AD1-B33D-4A9F-BCD5-4D06C4174582}"
EndProject
Global
	GlobalSection(SolutionConfigurationPlatforms) = preSolution
		Debug|Any CPU = Debug|Any CPU
		Debug|x64 = Debug|x64
		Debug|x86 = Debug|x86
		Release|Any CPU = Release|Any CPU
		Release|x64 = Release|x64
		Release|x86 = Release|x86
	EndGlobalSection
	GlobalSection(ProjectConfigurationPlatforms) = postSolution
		{8C1D2691-B960-45EB-8D0F-BEBA179D7121}.Debug|Any CPU.ActiveCfg = Debug|Any CPU
		{8C1D2691-B960-45EB-8D0F-BEBA179D7121}.Debug|Any CPU.Build.0 = Debug|Any CPU
		{8C1D2691-B960-45EB-8D0F-BEBA179D7121}.Debug|x64.ActiveCfg = Debug|Any CPU
		{8C1D2691-B960-45EB-8D0F-BEBA179D7121}.Debug|x64.Build.0 = Debug|Any CPU
		{8C1D2691-B960-45EB-8D0F-BEBA179D7121}.Debug|x86.ActiveCfg = Debug|Any CPU
		{8C1D2691-B960-45EB-8D0F-BEBA179D7121}.Debug|x86.Build.0 = Debug|Any CPU
		{8C1D2691-B960-45EB-8D0F-BEBA179D7121}.Release|Any CPU.ActiveCfg = Release|Any CPU
		{8C1D2691-B960-45EB-8D0F-BEBA179D7121}.Release|Any CPU.Build.0 = Release|Any CPU
		{8C1D2691-B960-45EB-8D0F-BEBA179D7121}.Release|x64.ActiveCfg = Release|Any CPU
		{8C1D2691-B960-45EB-8D0F-BEBA179D7121}.Release|x64.Build.0 = Release|Any CPU
		{8C1D2691-B960-45EB-8D0F-BEBA179D7121}.Release|x86.ActiveCfg = Release|Any CPU
		{8C1D2691-B960-45EB-8D0F-BEBA179D7121}.Release|x86.Build.0 = Release|Any CPU
		{EA15A6B8-993F-4B9A-A72D-2ACEEFA23DDF}.Debug|Any CPU.ActiveCfg = Debug|Any CPU
		{EA15A6B8-993F-4B9A-A72D-2ACEEFA23DDF}.Debug|Any CPU.Build.0 = Debug|Any CPU
		{EA15A6B8-993F-4B9A-A72D-2ACEEFA23DDF}.Debug|x64.ActiveCfg = Debug|Any CPU
		{EA15A6B8-993F-4B9A-A72D-2ACEEFA23DDF}.Debug|x64.Build.0 = Debug|Any CPU
		{EA15A6B8-993F-4B9A-A72D-2ACEEFA23DDF}.Debug|x86.ActiveCfg = Debug|Any CPU
		{EA15A6B8-993F-4B9A-A72D-2ACEEFA23DDF}.Debug|x86.Build.0 = Debug|Any CPU
		{EA15A6B8-993F-4B9A-A72D-2ACEEFA23DDF}.Release|Any CPU.ActiveCfg = Release|Any CPU
		{EA15A6B8-993F-4B9A-A72D-2ACEEFA23DDF}.Release|Any CPU.Build.0 = Release|Any CPU
		{EA15A6B8-993F-4B9A-A72D-2ACEEFA23DDF}.Release|x64.ActiveCfg = Release|Any CPU
		{EA15A6B8-993F-4B9A-A72D-2ACEEFA23DDF}.Release|x64.Build.0 = Release|Any CPU
		{EA15A6B8-993F-4B9A-A72D-2ACEEFA23DDF}.Release|x86.ActiveCfg = Release|Any CPU
		{EA15A6B8-993F-4B9A-A72D-2ACEEFA23DDF}.Release|x86.Build.0 = Release|Any CPU
		{E71F396A-879C-4693-B0CE-F70C9F8B8C4A}.Debug|Any CPU.ActiveCfg = Debug|Any CPU
		{E71F396A-879C-4693-B0CE-F70C9F8B8C4A}.Debug|Any CPU.Build.0 = Debug|Any CPU
		{E71F396A-879C-4693-B0CE-F70C9F8B8C4A}.Debug|x64.ActiveCfg = Debug|Any CPU
		{E71F396A-879C-4693-B0CE-F70C9F8B8C4A}.Debug|x64.Build.0 = Debug|Any CPU
		{E71F396A-879C-4693-B0CE-F70C9F8B8C4A}.Debug|x86.ActiveCfg = Debug|Any CPU
		{E71F396A-879C-4693-B0CE-F70C9F8B8C4A}.Debug|x86.Build.0 = Debug|Any CPU
		{E71F396A-879C-4693-B0CE-F70C9F8B8C4A}.Release|Any CPU.ActiveCfg = Release|Any CPU
		{E71F396A-879C-4693-B0CE-F70C9F8B8C4A}.Release|Any CPU.Build.0 = Release|Any CPU
		{E71F396A-879C-4693-B0CE-F70C9F8B8C4A}.Release|x64.ActiveCfg = Release|Any CPU
		{E71F396A-879C-4693-B0CE-F70C9F8B8C4A}.Release|x64.Build.0 = Release|Any CPU
		{E71F396A-879C-4693-B0CE-F70C9F8B8C4A}.Release|x86.ActiveCfg = Release|Any CPU
		{E71F396A-879C-4693-B0CE-F70C9F8B8C4A}.Release|x86.Build.0 = Release|Any CPU
		{097405A9-C0A0-4ED4-8843-18D6C87F039B}.Debug|Any CPU.ActiveCfg = Debug|Any CPU
		{097405A9-C0A0-4ED4-8843-18D6C87F039B}.Debug|Any CPU.Build.0 = Debug|Any CPU
		{097405A9-C0A0-4ED4-8843-18D6C87F039B}.Debug|x64.ActiveCfg = Debug|Any CPU
		{097405A9-C0A0-4ED4-8843-18D6C87F039B}.Debug|x64.Build.0 = Debug|Any CPU
		{097405A9-C0A0-4ED4-8843-18D6C87F039B}.Debug|x86.ActiveCfg = Debug|Any CPU
		{097405A9-C0A0-4ED4-8843-18D6C87F039B}.Debug|x86.Build.0 = Debug|Any CPU
		{097405A9-C0A0-4ED4-8843-18D6C87F039B}.Release|Any CPU.ActiveCfg = Release|Any CPU
		{097405A9-C0A0-4ED4-8843-18D6C87F039B}.Release|Any CPU.Build.0 = Release|Any CPU
		{097405A9-C0A0-4ED4-8843-18D6C87F039B}.Release|x64.ActiveCfg = Release|Any CPU
		{097405A9-C0A0-4ED4-8843-18D6C87F039B}.Release|x64.Build.0 = Release|Any CPU
		{097405A9-C0A0-4ED4-8843-18D6C87F039B}.Release|x86.ActiveCfg = Release|Any CPU
		{097405A9-C0A0-4ED4-8843-18D6C87F039B}.Release|x86.Build.0 = Release|Any CPU
		{ECD02FE5-7124-4711-9349-7245BC6BAB4F}.Debug|Any CPU.ActiveCfg = Debug|Any CPU
		{ECD02FE5-7124-4711-9349-7245BC6BAB4F}.Debug|Any CPU.Build.0 = Debug|Any CPU
		{ECD02FE5-7124-4711-9349-7245BC6BAB4F}.Debug|x64.ActiveCfg = Debug|Any CPU
		{ECD02FE5-7124-4711-9349-7245BC6BAB4F}.Debug|x64.Build.0 = Debug|Any CPU
		{ECD02FE5-7124-4711-9349-7245BC6BAB4F}.Debug|x86.ActiveCfg = Debug|Any CPU
		{ECD02FE5-7124-4711-9349-7245BC6BAB4F}.Debug|x86.Build.0 = Debug|Any CPU
		{ECD02FE5-7124-4711-9349-7245BC6BAB4F}.Release|Any CPU.ActiveCfg = Release|Any CPU
		{ECD02FE5-7124-4711-9349-7245BC6BAB4F}.Release|Any CPU.Build.0 = Release|Any CPU
		{ECD02FE5-7124-4711-9349-7245BC6BAB4F}.Release|x64.ActiveCfg = Release|Any CPU
		{ECD02FE5-7124-4711-9349-7245BC6BAB4F}.Release|x64.Build.0 = Release|Any CPU
		{ECD02FE5-7124-4711-9349-7245BC6BAB4F}.Release|x86.ActiveCfg = Release|Any CPU
		{ECD02FE5-7124-4711-9349-7245BC6BAB4F}.Release|x86.Build.0 = Release|Any CPU
		{7E49843A-CBD0-466B-9B90-88EE26A5DB6B}.Debug|Any CPU.ActiveCfg = Debug|Any CPU
		{7E49843A-CBD0-466B-9B90-88EE26A5DB6B}.Debug|Any CPU.Build.0 = Debug|Any CPU
		{7E49843A-CBD0-466B-9B90-88EE26A5DB6B}.Debug|x64.ActiveCfg = Debug|Any CPU
		{7E49843A-CBD0-466B-9B90-88EE26A5DB6B}.Debug|x64.Build.0 = Debug|Any CPU
		{7E49843A-CBD0-466B-9B90-88EE26A5DB6B}.Debug|x86.ActiveCfg = Debug|Any CPU
		{7E49843A-CBD0-466B-9B90-88EE26A5DB6B}.Debug|x86.Build.0 = Debug|Any CPU
		{7E49843A-CBD0-466B-9B90-88EE26A5DB6B}.Release|Any CPU.ActiveCfg = Release|Any CPU
		{7E49843A-CBD0-466B-9B90-88EE26A5DB6B}.Release|Any CPU.Build.0 = Release|Any CPU
		{7E49843A-CBD0-466B-9B90-88EE26A5DB6B}.Release|x64.ActiveCfg = Release|Any CPU
		{7E49843A-CBD0-466B-9B90-88EE26A5DB6B}.Release|x64.Build.0 = Release|Any CPU
		{7E49843A-CBD0-466B-9B90-88EE26A5DB6B}.Release|x86.ActiveCfg = Release|Any CPU
		{7E49843A-CBD0-466B-9B90-88EE26A5DB6B}.Release|x86.Build.0 = Release|Any CPU
		{8AE182C3-AD3E-4B31-AF1F-4E269A223E84}.Debug|Any CPU.ActiveCfg = Debug|Any CPU
		{8AE182C3-AD3E-4B31-AF1F-4E269A223E84}.Debug|Any CPU.Build.0 = Debug|Any CPU
		{8AE182C3-AD3E-4B31-AF1F-4E269A223E84}.Debug|x64.ActiveCfg = Debug|Any CPU
		{8AE182C3-AD3E-4B31-AF1F-4E269A223E84}.Debug|x64.Build.0 = Debug|Any CPU
		{8AE182C3-AD3E-4B31-AF1F-4E269A223E84}.Debug|x86.ActiveCfg = Debug|Any CPU
		{8AE182C3-AD3E-4B31-AF1F-4E269A223E84}.Debug|x86.Build.0 = Debug|Any CPU
		{8AE182C3-AD3E-4B31-AF1F-4E269A223E84}.Release|Any CPU.ActiveCfg = Release|Any CPU
		{8AE182C3-AD3E-4B31-AF1F-4E269A223E84}.Release|Any CPU.Build.0 = Release|Any CPU
		{8AE182C3-AD3E-4B31-AF1F-4E269A223E84}.Release|x64.ActiveCfg = Release|Any CPU
		{8AE182C3-AD3E-4B31-AF1F-4E269A223E84}.Release|x64.Build.0 = Release|Any CPU
		{8AE182C3-AD3E-4B31-AF1F-4E269A223E84}.Release|x86.ActiveCfg = Release|Any CPU
		{8AE182C3-AD3E-4B31-AF1F-4E269A223E84}.Release|x86.Build.0 = Release|Any CPU
		{4F2941EC-ECF6-4AE2-B150-438D3DF4B322}.Debug|Any CPU.ActiveCfg = Debug|Any CPU
		{4F2941EC-ECF6-4AE2-B150-438D3DF4B322}.Debug|Any CPU.Build.0 = Debug|Any CPU
		{4F2941EC-ECF6-4AE2-B150-438D3DF4B322}.Debug|x64.ActiveCfg = Debug|Any CPU
		{4F2941EC-ECF6-4AE2-B150-438D3DF4B322}.Debug|x64.Build.0 = Debug|Any CPU
		{4F2941EC-ECF6-4AE2-B150-438D3DF4B322}.Debug|x86.ActiveCfg = Debug|Any CPU
		{4F2941EC-ECF6-4AE2-B150-438D3DF4B322}.Debug|x86.Build.0 = Debug|Any CPU
		{4F2941EC-ECF6-4AE2-B150-438D3DF4B322}.Release|Any CPU.ActiveCfg = Release|Any CPU
		{4F2941EC-ECF6-4AE2-B150-438D3DF4B322}.Release|Any CPU.Build.0 = Release|Any CPU
		{4F2941EC-ECF6-4AE2-B150-438D3DF4B322}.Release|x64.ActiveCfg = Release|Any CPU
		{4F2941EC-ECF6-4AE2-B150-438D3DF4B322}.Release|x64.Build.0 = Release|Any CPU
		{4F2941EC-ECF6-4AE2-B150-438D3DF4B322}.Release|x86.ActiveCfg = Release|Any CPU
		{4F2941EC-ECF6-4AE2-B150-438D3DF4B322}.Release|x86.Build.0 = Release|Any CPU
		{C9DE3AD1-B33D-4A9F-BCD5-4D06C4174582}.Debug|Any CPU.ActiveCfg = Debug|Any CPU
		{C9DE3AD1-B33D-4A9F-BCD5-4D06C4174582}.Debug|Any CPU.Build.0 = Debug|Any CPU
		{C9DE3AD1-B33D-4A9F-BCD5-4D06C4174582}.Debug|x64.ActiveCfg = Debug|Any CPU
		{C9DE3AD1-B33D-4A9F-BCD5-4D06C4174582}.Debug|x64.Build.0 = Debug|Any CPU
		{C9DE3AD1-B33D-4A9F-BCD5-4D06C4174582}.Debug|x86.ActiveCfg = Debug|Any CPU
		{C9DE3AD1-B33D-4A9F-BCD5-4D06C4174582}.Debug|x86.Build.0 = Debug|Any CPU
		{C9DE3AD1-B33D-4A9F-BCD5-4D06C4174582}.Release|Any CPU.ActiveCfg = Release|Any CPU
		{C9DE3AD1-B33D-4A9F-BCD5-4D06C4174582}.Release|Any CPU.Build.0 = Release|Any CPU
		{C9DE3AD1-B33D-4A9F-BCD5-4D06C4174582}.Release|x64.ActiveCfg = Release|Any CPU
		{C9DE3AD1-B33D-4A9F-BCD5-4D06C4174582}.Release|x64.Build.0 = Release|Any CPU
		{C9DE3AD1-B33D-4A9F-BCD5-4D06C4174582}.Release|x86.ActiveCfg = Release|Any CPU
		{C9DE3AD1-B33D-4A9F-BCD5-4D06C4174582}.Release|x86.Build.0 = Release|Any CPU
	EndGlobalSection
	GlobalSection(NestedProjects) = preSolution
		{8C1D2691-B960-45EB-8D0F-BEBA179D7121} = {C81476EF-47D3-4B1C-9CE6-C62540F6EBEC}
		{EA15A6B8-993F-4B9A-A72D-2ACEEFA23DDF} = {C81476EF-47D3-4B1C-9CE6-C62540F6EBEC}
		{E71F396A-879C-4693-B0CE-F70C9F8B8C4A} = {C81476EF-47D3-4B1C-9CE6-C62540F6EBEC}
		{097405A9-C0A0-4ED4-8843-18D6C87F039B} = {C81476EF-47D3-4B1C-9CE6-C62540F6EBEC}
		{ECD02FE5-7124-4711-9349-7245BC6BAB4F} = {C81476EF-47D3-4B1C-9CE6-C62540F6EBEC}
		{7E49843A-CBD0-466B-9B90-88EE26A5DB6B} = {108FC1A0-2BA3-45F1-931F-A078CACE3E6F}
		{8AE182C3-AD3E-4B31-AF1F-4E269A223E84} = {108FC1A0-2BA3-45F1-931F-A078CACE3E6F}
		{4F2941EC-ECF6-4AE2-B150-438D3DF4B322} = {108FC1A0-2BA3-45F1-931F-A078CACE3E6F}
		{C9DE3AD1-B33D-4A9F-BCD5-4D06C4174582} = {108FC1A0-2BA3-45F1-931F-A078CACE3E6F}
	EndGlobalSection
EndGlobal
